
Microsoft Visual Studio Solution File, Format Version 12.00
# Visual Studio Version 17
VisualStudioVersion = 17.3.32811.315
MinimumVisualStudioVersion = 10.0.40219.1
Project("{9A19103F-16F7-4668-BE54-9A1E7A4F7556}") = "MoodAnanlyser", "MoodAnanlyser.csproj", "{86FF0563-73F1-46EB-BDC5-28C2DBC3EB55}"
EndProject
Project("{FAE04EC0-301F-11D3-BF4B-00C04F79EFBC}") = "MoodAnalyserTest", "..\MoodAnalyserTest\MoodAnalyserTest.csproj", "{B86D4664-DAA7-4F39-BC66-BE5C31DE9366}"
EndProject
Global
	GlobalSection(SolutionConfigurationPlatforms) = preSolution
		Debug|Any CPU = Debug|Any CPU
		Release|Any CPU = Release|Any CPU
	EndGlobalSection
	GlobalSection(ProjectConfigurationPlatforms) = postSolution
		{86FF0563-73F1-46EB-BDC5-28C2DBC3EB55}.Debug|Any CPU.ActiveCfg = Debug|Any CPU
		{86FF0563-73F1-46EB-BDC5-28C2DBC3EB55}.Debug|Any CPU.Build.0 = Debug|Any CPU
		{86FF0563-73F1-46EB-BDC5-28C2DBC3EB55}.Release|Any CPU.ActiveCfg = Release|Any CPU
		{86FF0563-73F1-46EB-BDC5-28C2DBC3EB55}.Release|Any CPU.Build.0 = Release|Any CPU
		{B86D4664-DAA7-4F39-BC66-BE5C31DE9366}.Debug|Any CPU.ActiveCfg = Debug|Any CPU
		{B86D4664-DAA7-4F39-BC66-BE5C31DE9366}.Debug|Any CPU.Build.0 = Debug|Any CPU
		{B86D4664-DAA7-4F39-BC66-BE5C31DE9366}.Release|Any CPU.ActiveCfg = Release|Any CPU
		{B86D4664-DAA7-4F39-BC66-BE5C31DE9366}.Release|Any CPU.Build.0 = Release|Any CPU
	EndGlobalSection
	GlobalSection(SolutionProperties) = preSolution
		HideSolutionNode = FALSE
	EndGlobalSection
	GlobalSection(ExtensibilityGlobals) = postSolution
		SolutionGuid = {1967E6B9-D4DB-46D6-A360-075B323D40EF}
	EndGlobalSection
EndGlobal
